<?xml version="1.0" encoding="utf-8"?>
<Project ToolsVersion="4.0" xmlns="http://schemas.microsoft.com/developer/msbuild/2003">
  <ItemGroup>
    <ClCompile Include="Arrow.cpp">
      <Filter>Source Files</Filter>
    </ClCompile>
    <ClCompile Include="Bat.cpp">
      <Filter>Source Files</Filter>
    </ClCompile>
    <ClCompile Include="Cave.cpp">
      <Filter>Source Files</Filter>
    </ClCompile>
    <ClCompile Include="Denizen.cpp">
      <Filter>Source Files</Filter>
    </ClCompile>
    <ClCompile Include="Dungeon.cpp">
      <Filter>Source Files</Filter>
    </ClCompile>
    <ClCompile Include="Hunter.cpp">
      <Filter>Source Files</Filter>
    </ClCompile>
    <ClCompile Include="Pit.cpp">
      <Filter>Source Files</Filter>
    </ClCompile>
    <ClCompile Include="UserNotification.cpp">
      <Filter>Source Files</Filter>
    </ClCompile>
    <ClCompile Include="Wumpus.cpp">
      <Filter>Source Files</Filter>
    </ClCompile>
  </ItemGroup>
  <ItemGroup>
    <ClInclude Include="Arrow.h">
      <Filter>Header Files</Filter>
    </ClInclude>
    <ClInclude Include="Bat.h">
      <Filter>Header Files</Filter>
    </ClInclude>
    <ClInclude Include="Cave.h">
      <Filter>Header Files</Filter>
    </ClInclude>
    <ClInclude Include="Context.h">
      <Filter>Header Files</Filter>
    </ClInclude>
    <ClInclude Include="Denizen.h">
      <Filter>Header Files</Filter>
    </ClInclude>
    <ClInclude Include="Dungeon.h">
      <Filter>Header Files</Filter>
    </ClInclude>
    <ClInclude Include="GameStateObservation.h">
      <Filter>Header Files</Filter>
    </ClInclude>
    <ClInclude Include="Hunter.h">
      <Filter>Header Files</Filter>
    </ClInclude>
    <ClInclude Include="Pit.h">
      <Filter>Header Files</Filter>
    </ClInclude>
    <ClInclude Include="RandomProvider.h">
      <Filter>Header Files</Filter>
    </ClInclude>
    <ClInclude Include="UserNotification.h">
      <Filter>Header Files</Filter>
    </ClInclude>
    <ClInclude Include="Wumpus.h">
      <Filter>Header Files</Filter>
    </ClInclude>
  </ItemGroup>
  <ItemGroup>
    <Filter Include="Source Files">
      <UniqueIdentifier>{1a31ea5f-8aeb-46d7-8bf6-dca3f1a9ea85}</UniqueIdentifier>
    </Filter>
    <Filter Include="Header Files">
      <UniqueIdentifier>{cc4c3b97-30fb-4889-8055-4252b3058b02}</UniqueIdentifier>
    </Filter>
  </ItemGroup>
</Project>